
Microsoft Visual Studio Solution File, Format Version 12.00
# Visual Studio Version 16
VisualStudioVersion = 16.0.30114.105
MinimumVisualStudioVersion = 10.0.40219.1
Project("{9A19103F-16F7-4668-BE54-9A1E7A4F7556}") = "Quokka.RISCV.Integration", "Quokka.RISCV.Integration\Quokka.RISCV.Integration.csproj", "{29FF2D4A-3B74-4A02-8889-32A90AD0B06C}"
EndProject
Project("{9A19103F-16F7-4668-BE54-9A1E7A4F7556}") = "Quokka.RISCV.Integration.Tests", "Quokka.RISCV.Integration.Tests\Quokka.RISCV.Integration.Tests.csproj", "{244AB9DA-7920-423B-94B5-4A803ADE1BC6}"
EndProject
Project("{9A19103F-16F7-4668-BE54-9A1E7A4F7556}") = "server", "server\server.csproj", "{A5B16C31-A11B-47C3-BEA3-F1A34AED6A69}"
EndProject
Global
	GlobalSection(SolutionConfigurationPlatforms) = preSolution
		Debug|Any CPU = Debug|Any CPU
		Release|Any CPU = Release|Any CPU
	EndGlobalSection
	GlobalSection(ProjectConfigurationPlatforms) = postSolution
		{29FF2D4A-3B74-4A02-8889-32A90AD0B06C}.Debug|Any CPU.ActiveCfg = Debug|Any CPU
		{29FF2D4A-3B74-4A02-8889-32A90AD0B06C}.Debug|Any CPU.Build.0 = Debug|Any CPU
		{29FF2D4A-3B74-4A02-8889-32A90AD0B06C}.Release|Any CPU.ActiveCfg = Release|Any CPU
		{29FF2D4A-3B74-4A02-8889-32A90AD0B06C}.Release|Any CPU.Build.0 = Release|Any CPU
		{244AB9DA-7920-423B-94B5-4A803ADE1BC6}.Debug|Any CPU.ActiveCfg = Debug|Any CPU
		{244AB9DA-7920-423B-94B5-4A803ADE1BC6}.Debug|Any CPU.Build.0 = Debug|Any CPU
		{244AB9DA-7920-423B-94B5-4A803ADE1BC6}.Release|Any CPU.ActiveCfg = Release|Any CPU
		{244AB9DA-7920-423B-94B5-4A803ADE1BC6}.Release|Any CPU.Build.0 = Release|Any CPU
		{A5B16C31-A11B-47C3-BEA3-F1A34AED6A69}.Debug|Any CPU.ActiveCfg = Debug|Any CPU
		{A5B16C31-A11B-47C3-BEA3-F1A34AED6A69}.Debug|Any CPU.Build.0 = Debug|Any CPU
		{A5B16C31-A11B-47C3-BEA3-F1A34AED6A69}.Release|Any CPU.ActiveCfg = Release|Any CPU
		{A5B16C31-A11B-47C3-BEA3-F1A34AED6A69}.Release|Any CPU.Build.0 = Release|Any CPU
	EndGlobalSection
	GlobalSection(SolutionProperties) = preSolution
		HideSolutionNode = FALSE
	EndGlobalSection
	GlobalSection(ExtensibilityGlobals) = postSolution
		SolutionGuid = {F9B977EA-83DD-4B94-ADB6-40176BF6FD8A}
	EndGlobalSection
EndGlobal
